# THIS IS AN AUTOGENERATED FILE. DO NOT EDIT THIS FILE DIRECTLY.
# yarn lockfile v1


"@types/adm-zip@^0.4.33":
  version "0.4.33"
  resolved "https://registry.yarnpkg.com/@types/adm-zip/-/adm-zip-0.4.33.tgz#ea5b94f771443f655613b64f920c0555867200dd"
  integrity sha512-WM0DCWFLjXtddl0fu0+iN2ZF+qz8RF9RddG5OSy/S90AQz01Fu8lHn/3oTIZDxvG8gVcnBLAHMHOdBLbV6m6Mw==
  dependencies:
    "@types/node" "*"

"@types/node@*":
  version "14.0.14"
  resolved "https://registry.yarnpkg.com/@types/node/-/node-14.0.14.tgz#24a0b5959f16ac141aeb0c5b3cd7a15b7c64cbce"
  integrity sha512-syUgf67ZQpaJj01/tRTknkMNoBBLWJOBODF0Zm4NrXmiSuxjymFrxnTu1QVYRubhVkRcZLYZG8STTwJRdVm/WQ==

adm-zip@^0.4.16:
  version "0.4.16"
  resolved "https://registry.yarnpkg.com/adm-zip/-/adm-zip-0.4.16.tgz#cf4c508fdffab02c269cbc7f471a875f05570365"
  integrity sha512-TFi4HBKSGfIKsK5YCkKaaFG2m4PEDyViZmEwof3MTIgzimHLto6muaHVpbrljdIvIrFZzEq/p4nafOeLcYegrg==

node-addon-api@2.0.0:
  version "2.0.0"
  resolved "https://registry.yarnpkg.com/node-addon-api/-/node-addon-api-2.0.0.tgz#f9afb8d777a91525244b01775ea0ddbe1125483b"
  integrity sha512-ASCL5U13as7HhOExbT6OlWJJUV/lLzL2voOSP1UVehpRD8FbSrSDjfScK/KwAvVTI5AS6r4VwbOMlIqtvRidnA==

node-fetch@^2.6.0:
  version "2.6.0"
  resolved "https://registry.yarnpkg.com/node-fetch/-/node-fetch-2.6.0.tgz#e633456386d4aa55863f676a7ab0daa8fdecb0fd"
  integrity sha512-8dG4H5ujfvFiqDmVu9fQ5bOHUC15JMjMY/Zumv26oOvvVJjM67KF8koCWIabKQ1GJIa9r2mMZscBq/TbdOcmNA==
